
Microsoft Visual Studio Solution File, Format Version 12.00
# Visual Studio Version 17
VisualStudioVersion = 17.13.35913.81 d17.13
MinimumVisualStudioVersion = 10.0.40219.1
Project("{FAE04EC0-301F-11D3-BF4B-00C04F79EFBC}") = "Yousuf Enterprise system", "Yousuf Enterprise system\Yousuf Enterprise system.csproj", "{00BD31D3-3A84-437E-900B-C129D716644F}"
EndProject
Global
	GlobalSection(SolutionConfigurationPlatforms) = preSolution
		Debug|Any CPU = Debug|Any CPU
		Release|Any CPU = Release|Any CPU
	EndGlobalSection
	GlobalSection(ProjectConfigurationPlatforms) = postSolution
		{00BD31D3-3A84-437E-900B-C129D716644F}.Debug|Any CPU.ActiveCfg = Debug|Any CPU
		{00BD31D3-3A84-437E-900B-C129D716644F}.Debug|Any CPU.Build.0 = Debug|Any CPU
		{00BD31D3-3A84-437E-900B-C129D716644F}.Release|Any CPU.ActiveCfg = Release|Any CPU
		{00BD31D3-3A84-437E-900B-C129D716644F}.Release|Any CPU.Build.0 = Release|Any CPU
	EndGlobalSection
	GlobalSection(SolutionProperties) = preSolution
		HideSolutionNode = FALSE
	EndGlobalSection
	GlobalSection(ExtensibilityGlobals) = postSolution
		SolutionGuid = {F6D3748D-F644-461F-A20B-A774C8478A4E}
	EndGlobalSection
EndGlobal
